Microsoft Visual Studio Solution File, Format Version 11.00
# Visual Studio 2008

Project("{8C08B722-890F-DC90-C272-B8E520F8FD99}") = "TEXT ADVENTURE", "Assembly-CSharp.csproj", "{351EBF9F-F29C-0E31-17CC-D095F3E8A9BE}"
EndProject
Global
	GlobalSection(SolutionConfigurationPlatforms) = preSolution
		Debug|Any CPU = Debug|Any CPU
		Release|Any CPU = Release|Any CPU
	EndGlobalSection
	GlobalSection(ProjectConfigurationPlatforms) = postSolution
		{351EBF9F-F29C-0E31-17CC-D095F3E8A9BE}.Debug|Any CPU.ActiveCfg = Debug|Any CPU
		{351EBF9F-F29C-0E31-17CC-D095F3E8A9BE}.Debug|Any CPU.Build.0 = Debug|Any CPU
		{351EBF9F-F29C-0E31-17CC-D095F3E8A9BE}.Release|Any CPU.ActiveCfg = Release|Any CPU
		{351EBF9F-F29C-0E31-17CC-D095F3E8A9BE}.Release|Any CPU.Build.0 = Release|Any CPU
	EndGlobalSection
	GlobalSection(SolutionProperties) = preSolution
		HideSolutionNode = FALSE
	EndGlobalSection
	GlobalSection(MonoDevelopProperties) = preSolution
		StartupItem = Assembly-CSharp.csproj
	EndGlobalSection
EndGlobal
